
Microsoft Visual Studio Solution File, Format Version 12.00
# Visual Studio 15
Project("{FAE04EC0-301F-11D3-BF4B-00C04F79EFBC}") = "UnityEngine.TestRunner", "UnityEngine.TestRunner.csproj", "{8B8A8A65-8D7C-083F-E385-E05265D11B00}"
EndProject
Project("{FAE04EC0-301F-11D3-BF4B-00C04F79EFBC}") = "Unity.Mathematics", "Unity.Mathematics.csproj", "{4117D91F-3699-AEAF-80C7-7559680586D1}"
EndProject
Project("{FAE04EC0-301F-11D3-BF4B-00C04F79EFBC}") = "Unity.2D.Animation.Triangle.Runtime", "Unity.2D.Animation.Triangle.Runtime.csproj", "{4C301580-9B47-72E7-060C-FF03176DCCA5}"
EndProject
Project("{FAE04EC0-301F-11D3-BF4B-00C04F79EFBC}") = "Unity.Timeline", "Unity.Timeline.csproj", "{08290EB2-DAD5-71FD-61EB-62D556928733}"
EndProject
Project("{FAE04EC0-301F-11D3-BF4B-00C04F79EFBC}") = "Unity.TextMeshPro", "Unity.TextMeshPro.csproj", "{5CBA0FC3-7847-BBAE-806E-19E1BD895634}"
EndProject
Project("{FAE04EC0-301F-11D3-BF4B-00C04F79EFBC}") = "Unity.2D.Animation.Runtime", "Unity.2D.Animation.Runtime.csproj", "{528FE7BD-B1DA-7183-B0C6-506E87558E5C}"
EndProject
Project("{FAE04EC0-301F-11D3-BF4B-00C04F79EFBC}") = "Unity.2D.IK.Runtime", "Unity.2D.IK.Runtime.csproj", "{4F4A1ECD-7553-B635-5BE0-879F91C883C7}"
EndProject
Project("{FAE04EC0-301F-11D3-BF4B-00C04F79EFBC}") = "Unity.2D.SpriteShape.Runtime", "Unity.2D.SpriteShape.Runtime.csproj", "{67F71069-8683-1CC8-BE64-F9F9A07EC50B}"
EndProject
Project("{FAE04EC0-301F-11D3-BF4B-00C04F79EFBC}") = "Unity.2D.PixelPerfect", "Unity.2D.PixelPerfect.csproj", "{6EA28DB1-C36B-0A47-16A5-FE063D58E2E8}"
EndProject
Project("{FAE04EC0-301F-11D3-BF4B-00C04F79EFBC}") = "Assembly-CSharp", "Assembly-CSharp.csproj", "{DABDAC1C-FFE8-10CC-401B-8E470C278C9D}"
EndProject
Project("{FAE04EC0-301F-11D3-BF4B-00C04F79EFBC}") = "Unity.2D.Common.Runtime", "Unity.2D.Common.Runtime.csproj", "{86BB1D1F-3DE7-BE31-31F8-489E2BE57363}"
EndProject
Project("{FAE04EC0-301F-11D3-BF4B-00C04F79EFBC}") = "Unity.InternalAPIEngineBridge.001", "Unity.InternalAPIEngineBridge.001.csproj", "{C3866ADE-F994-C6DE-34F6-4610CF4E247E}"
EndProject
Project("{FAE04EC0-301F-11D3-BF4B-00C04F79EFBC}") = "UnityEditor.TestRunner", "UnityEditor.TestRunner.csproj", "{E90B22E0-6276-8A7A-03C1-CBFE6EAF5186}"
EndProject
Project("{FAE04EC0-301F-11D3-BF4B-00C04F79EFBC}") = "Unity.PlasticSCM.Editor", "Unity.PlasticSCM.Editor.csproj", "{7AFD6602-17BB-064C-BDBF-590598AFE1CE}"
EndProject
Project("{FAE04EC0-301F-11D3-BF4B-00C04F79EFBC}") = "Unity.Timeline.Editor", "Unity.Timeline.Editor.csproj", "{1CDF67E4-4279-445E-CBCA-1F03EC13314B}"
EndProject
Project("{FAE04EC0-301F-11D3-BF4B-00C04F79EFBC}") = "Unity.VisualStudio.Editor", "Unity.VisualStudio.Editor.csproj", "{909C2CCE-46B8-A47A-0963-15FB16E7405B}"
EndProject
Project("{FAE04EC0-301F-11D3-BF4B-00C04F79EFBC}") = "Unity.2D.Psdimporter.Editor", "Unity.2D.Psdimporter.Editor.csproj", "{1DD84B1C-43A6-3832-3C1B-5C1C3528101D}"
EndProject
Project("{FAE04EC0-301F-11D3-BF4B-00C04F79EFBC}") = "Unity.2D.Animation.Editor", "Unity.2D.Animation.Editor.csproj", "{AF148E82-4B8A-30F4-D272-A4B10B3D5293}"
EndProject
Project("{FAE04EC0-301F-11D3-BF4B-00C04F79EFBC}") = "Unity.TextMeshPro.Editor", "Unity.TextMeshPro.Editor.csproj", "{1AB8C5BF-25A7-F2BB-E1AA-2A50B45DE8F7}"
EndProject
Project("{FAE04EC0-301F-11D3-BF4B-00C04F79EFBC}") = "Unity.2D.SpriteShape.Editor", "Unity.2D.SpriteShape.Editor.csproj", "{C7B1E762-AD97-9997-54A5-ED46488523EB}"
EndProject
Project("{FAE04EC0-301F-11D3-BF4B-00C04F79EFBC}") = "Unity.CollabProxy.Editor", "Unity.CollabProxy.Editor.csproj", "{04DA4034-AAEE-4E78-C5B2-E1F918BC329E}"
EndProject
Project("{FAE04EC0-301F-11D3-BF4B-00C04F79EFBC}") = "PsdPlugin", "PsdPlugin.csproj", "{A99A9F3C-49C5-D820-5E05-90B0A756865C}"
EndProject
Project("{FAE04EC0-301F-11D3-BF4B-00C04F79EFBC}") = "Unity.2D.Path.Editor", "Unity.2D.Path.Editor.csproj", "{67AC9735-4A4C-9A53-D0F8-56ACA568AADC}"
EndProject
Project("{FAE04EC0-301F-11D3-BF4B-00C04F79EFBC}") = "Unity.Rider.Editor", "Unity.Rider.Editor.csproj", "{F2130152-9F7D-DF41-2C0E-C618BF3AD641}"
EndProject
Project("{FAE04EC0-301F-11D3-BF4B-00C04F79EFBC}") = "Unity.2D.IK.Editor", "Unity.2D.IK.Editor.csproj", "{985E975D-6E43-0995-3D4D-55FAC4B4C4FA}"
EndProject
Project("{FAE04EC0-301F-11D3-BF4B-00C04F79EFBC}") = "Unity.2D.PixelPerfect.Editor", "Unity.2D.PixelPerfect.Editor.csproj", "{873A4912-D1FC-27A7-5CB7-3E9E0ADC62BB}"
EndProject
Project("{FAE04EC0-301F-11D3-BF4B-00C04F79EFBC}") = "Unity.VSCode.Editor", "Unity.VSCode.Editor.csproj", "{90049D38-40EF-8BCD-E664-5C8042A4F5B4}"
EndProject
Project("{FAE04EC0-301F-11D3-BF4B-00C04F79EFBC}") = "Unity.2D.Common.Editor", "Unity.2D.Common.Editor.csproj", "{75D621D5-0072-88CB-B2C6-630E92892705}"
EndProject
Project("{FAE04EC0-301F-11D3-BF4B-00C04F79EFBC}") = "Unity.Mathematics.Editor", "Unity.Mathematics.Editor.csproj", "{31F8016B-AA4A-2BA2-CFF6-52BE6E1686D6}"
EndProject
Project("{FAE04EC0-301F-11D3-BF4B-00C04F79EFBC}") = "Unity.InternalAPIEditorBridge.001", "Unity.InternalAPIEditorBridge.001.csproj", "{613E33FC-A3F0-A95B-37E2-2F9FAAA7D4E9}"
EndProject
Global
	GlobalSection(SolutionConfigurationPlatforms) = preSolution
		Debug|Any CPU = Debug|Any CPU
		Release|Any CPU = Release|Any CPU
	EndGlobalSection
	GlobalSection(ProjectConfigurationPlatforms) = postSolution
		{8B8A8A65-8D7C-083F-E385-E05265D11B00}.Debug|Any CPU.ActiveCfg = Debug|Any CPU
		{8B8A8A65-8D7C-083F-E385-E05265D11B00}.Debug|Any CPU.Build.0 = Debug|Any CPU
		{8B8A8A65-8D7C-083F-E385-E05265D11B00}.Release|Any CPU.ActiveCfg = Release|Any CPU
		{8B8A8A65-8D7C-083F-E385-E05265D11B00}.Release|Any CPU.Build.0 = Release|Any CPU
		{4117D91F-3699-AEAF-80C7-7559680586D1}.Debug|Any CPU.ActiveCfg = Debug|Any CPU
		{4117D91F-3699-AEAF-80C7-7559680586D1}.Debug|Any CPU.Build.0 = Debug|Any CPU
		{4117D91F-3699-AEAF-80C7-7559680586D1}.Release|Any CPU.ActiveCfg = Release|Any CPU
		{4117D91F-3699-AEAF-80C7-7559680586D1}.Release|Any CPU.Build.0 = Release|Any CPU
		{4C301580-9B47-72E7-060C-FF03176DCCA5}.Debug|Any CPU.ActiveCfg = Debug|Any CPU
		{4C301580-9B47-72E7-060C-FF03176DCCA5}.Debug|Any CPU.Build.0 = Debug|Any CPU
		{4C301580-9B47-72E7-060C-FF03176DCCA5}.Release|Any CPU.ActiveCfg = Release|Any CPU
		{4C301580-9B47-72E7-060C-FF03176DCCA5}.Release|Any CPU.Build.0 = Release|Any CPU
		{08290EB2-DAD5-71FD-61EB-62D556928733}.Debug|Any CPU.ActiveCfg = Debug|Any CPU
		{08290EB2-DAD5-71FD-61EB-62D556928733}.Debug|Any CPU.Build.0 = Debug|Any CPU
		{08290EB2-DAD5-71FD-61EB-62D556928733}.Release|Any CPU.ActiveCfg = Release|Any CPU
		{08290EB2-DAD5-71FD-61EB-62D556928733}.Release|Any CPU.Build.0 = Release|Any CPU
		{5CBA0FC3-7847-BBAE-806E-19E1BD895634}.Debug|Any CPU.ActiveCfg = Debug|Any CPU
		{5CBA0FC3-7847-BBAE-806E-19E1BD895634}.Debug|Any CPU.Build.0 = Debug|Any CPU
		{5CBA0FC3-7847-BBAE-806E-19E1BD895634}.Release|Any CPU.ActiveCfg = Release|Any CPU
		{5CBA0FC3-7847-BBAE-806E-19E1BD895634}.Release|Any CPU.Build.0 = Release|Any CPU
		{528FE7BD-B1DA-7183-B0C6-506E87558E5C}.Debug|Any CPU.ActiveCfg = Debug|Any CPU
		{528FE7BD-B1DA-7183-B0C6-506E87558E5C}.Debug|Any CPU.Build.0 = Debug|Any CPU
		{528FE7BD-B1DA-7183-B0C6-506E87558E5C}.Release|Any CPU.ActiveCfg = Release|Any CPU
		{528FE7BD-B1DA-7183-B0C6-506E87558E5C}.Release|Any CPU.Build.0 = Release|Any CPU
		{4F4A1ECD-7553-B635-5BE0-879F91C883C7}.Debug|Any CPU.ActiveCfg = Debug|Any CPU
		{4F4A1ECD-7553-B635-5BE0-879F91C883C7}.Debug|Any CPU.Build.0 = Debug|Any CPU
		{4F4A1ECD-7553-B635-5BE0-879F91C883C7}.Release|Any CPU.ActiveCfg = Release|Any CPU
		{4F4A1ECD-7553-B635-5BE0-879F91C883C7}.Release|Any CPU.Build.0 = Release|Any CPU
		{67F71069-8683-1CC8-BE64-F9F9A07EC50B}.Debug|Any CPU.ActiveCfg = Debug|Any CPU
		{67F71069-8683-1CC8-BE64-F9F9A07EC50B}.Debug|Any CPU.Build.0 = Debug|Any CPU
		{67F71069-8683-1CC8-BE64-F9F9A07EC50B}.Release|Any CPU.ActiveCfg = Release|Any CPU
		{67F71069-8683-1CC8-BE64-F9F9A07EC50B}.Release|Any CPU.Build.0 = Release|Any CPU
		{6EA28DB1-C36B-0A47-16A5-FE063D58E2E8}.Debug|Any CPU.ActiveCfg = Debug|Any CPU
		{6EA28DB1-C36B-0A47-16A5-FE063D58E2E8}.Debug|Any CPU.Build.0 = Debug|Any CPU
		{6EA28DB1-C36B-0A47-16A5-FE063D58E2E8}.Release|Any CPU.ActiveCfg = Release|Any CPU
		{6EA28DB1-C36B-0A47-16A5-FE063D58E2E8}.Release|Any CPU.Build.0 = Release|Any CPU
		{DABDAC1C-FFE8-10CC-401B-8E470C278C9D}.Debug|Any CPU.ActiveCfg = Debug|Any CPU
		{DABDAC1C-FFE8-10CC-401B-8E470C278C9D}.Debug|Any CPU.Build.0 = Debug|Any CPU
		{DABDAC1C-FFE8-10CC-401B-8E470C278C9D}.Release|Any CPU.ActiveCfg = Release|Any CPU
		{DABDAC1C-FFE8-10CC-401B-8E470C278C9D}.Release|Any CPU.Build.0 = Release|Any CPU
		{86BB1D1F-3DE7-BE31-31F8-489E2BE57363}.Debug|Any CPU.ActiveCfg = Debug|Any CPU
		{86BB1D1F-3DE7-BE31-31F8-489E2BE57363}.Debug|Any CPU.Build.0 = Debug|Any CPU
		{86BB1D1F-3DE7-BE31-31F8-489E2BE57363}.Release|Any CPU.ActiveCfg = Release|Any CPU
		{86BB1D1F-3DE7-BE31-31F8-489E2BE57363}.Release|Any CPU.Build.0 = Release|Any CPU
		{C3866ADE-F994-C6DE-34F6-4610CF4E247E}.Debug|Any CPU.ActiveCfg = Debug|Any CPU
		{C3866ADE-F994-C6DE-34F6-4610CF4E247E}.Debug|Any CPU.Build.0 = Debug|Any CPU
		{C3866ADE-F994-C6DE-34F6-4610CF4E247E}.Release|Any CPU.ActiveCfg = Release|Any CPU
		{C3866ADE-F994-C6DE-34F6-4610CF4E247E}.Release|Any CPU.Build.0 = Release|Any CPU
		{E90B22E0-6276-8A7A-03C1-CBFE6EAF5186}.Debug|Any CPU.ActiveCfg = Debug|Any CPU
		{E90B22E0-6276-8A7A-03C1-CBFE6EAF5186}.Debug|Any CPU.Build.0 = Debug|Any CPU
		{E90B22E0-6276-8A7A-03C1-CBFE6EAF5186}.Release|Any CPU.ActiveCfg = Release|Any CPU
		{E90B22E0-6276-8A7A-03C1-CBFE6EAF5186}.Release|Any CPU.Build.0 = Release|Any CPU
		{7AFD6602-17BB-064C-BDBF-590598AFE1CE}.Debug|Any CPU.ActiveCfg = Debug|Any CPU
		{7AFD6602-17BB-064C-BDBF-590598AFE1CE}.Debug|Any CPU.Build.0 = Debug|Any CPU
		{7AFD6602-17BB-064C-BDBF-590598AFE1CE}.Release|Any CPU.ActiveCfg = Release|Any CPU
		{7AFD6602-17BB-064C-BDBF-590598AFE1CE}.Release|Any CPU.Build.0 = Release|Any CPU
		{1CDF67E4-4279-445E-CBCA-1F03EC13314B}.Debug|Any CPU.ActiveCfg = Debug|Any CPU
		{1CDF67E4-4279-445E-CBCA-1F03EC13314B}.Debug|Any CPU.Build.0 = Debug|Any CPU
		{1CDF67E4-4279-445E-CBCA-1F03EC13314B}.Release|Any CPU.ActiveCfg = Release|Any CPU
		{1CDF67E4-4279-445E-CBCA-1F03EC13314B}.Release|Any CPU.Build.0 = Release|Any CPU
		{909C2CCE-46B8-A47A-0963-15FB16E7405B}.Debug|Any CPU.ActiveCfg = Debug|Any CPU
		{909C2CCE-46B8-A47A-0963-15FB16E7405B}.Debug|Any CPU.Build.0 = Debug|Any CPU
		{909C2CCE-46B8-A47A-0963-15FB16E7405B}.Release|Any CPU.ActiveCfg = Release|Any CPU
		{909C2CCE-46B8-A47A-0963-15FB16E7405B}.Release|Any CPU.Build.0 = Release|Any CPU
		{1DD84B1C-43A6-3832-3C1B-5C1C3528101D}.Debug|Any CPU.ActiveCfg = Debug|Any CPU
		{1DD84B1C-43A6-3832-3C1B-5C1C3528101D}.Debug|Any CPU.Build.0 = Debug|Any CPU
		{1DD84B1C-43A6-3832-3C1B-5C1C3528101D}.Release|Any CPU.ActiveCfg = Release|Any CPU
		{1DD84B1C-43A6-3832-3C1B-5C1C3528101D}.Release|Any CPU.Build.0 = Release|Any CPU
		{AF148E82-4B8A-30F4-D272-A4B10B3D5293}.Debug|Any CPU.ActiveCfg = Debug|Any CPU
		{AF148E82-4B8A-30F4-D272-A4B10B3D5293}.Debug|Any CPU.Build.0 = Debug|Any CPU
		{AF148E82-4B8A-30F4-D272-A4B10B3D5293}.Release|Any CPU.ActiveCfg = Release|Any CPU
		{AF148E82-4B8A-30F4-D272-A4B10B3D5293}.Release|Any CPU.Build.0 = Release|Any CPU
		{1AB8C5BF-25A7-F2BB-E1AA-2A50B45DE8F7}.Debug|Any CPU.ActiveCfg = Debug|Any CPU
		{1AB8C5BF-25A7-F2BB-E1AA-2A50B45DE8F7}.Debug|Any CPU.Build.0 = Debug|Any CPU
		{1AB8C5BF-25A7-F2BB-E1AA-2A50B45DE8F7}.Release|Any CPU.ActiveCfg = Release|Any CPU
		{1AB8C5BF-25A7-F2BB-E1AA-2A50B45DE8F7}.Release|Any CPU.Build.0 = Release|Any CPU
		{C7B1E762-AD97-9997-54A5-ED46488523EB}.Debug|Any CPU.ActiveCfg = Debug|Any CPU
		{C7B1E762-AD97-9997-54A5-ED46488523EB}.Debug|Any CPU.Build.0 = Debug|Any CPU
		{C7B1E762-AD97-9997-54A5-ED46488523EB}.Release|Any CPU.ActiveCfg = Release|Any CPU
		{C7B1E762-AD97-9997-54A5-ED46488523EB}.Release|Any CPU.Build.0 = Release|Any CPU
		{04DA4034-AAEE-4E78-C5B2-E1F918BC329E}.Debug|Any CPU.ActiveCfg = Debug|Any CPU
		{04DA4034-AAEE-4E78-C5B2-E1F918BC329E}.Debug|Any CPU.Build.0 = Debug|Any CPU
		{04DA4034-AAEE-4E78-C5B2-E1F918BC329E}.Release|Any CPU.ActiveCfg = Release|Any CPU
		{04DA4034-AAEE-4E78-C5B2-E1F918BC329E}.Release|Any CPU.Build.0 = Release|Any CPU
		{A99A9F3C-49C5-D820-5E05-90B0A756865C}.Debug|Any CPU.ActiveCfg = Debug|Any CPU
		{A99A9F3C-49C5-D820-5E05-90B0A756865C}.Debug|Any CPU.Build.0 = Debug|Any CPU
		{A99A9F3C-49C5-D820-5E05-90B0A756865C}.Release|Any CPU.ActiveCfg = Release|Any CPU
		{A99A9F3C-49C5-D820-5E05-90B0A756865C}.Release|Any CPU.Build.0 = Release|Any CPU
		{67AC9735-4A4C-9A53-D0F8-56ACA568AADC}.Debug|Any CPU.ActiveCfg = Debug|Any CPU
		{67AC9735-4A4C-9A53-D0F8-56ACA568AADC}.Debug|Any CPU.Build.0 = Debug|Any CPU
		{67AC9735-4A4C-9A53-D0F8-56ACA568AADC}.Release|Any CPU.ActiveCfg = Release|Any CPU
		{67AC9735-4A4C-9A53-D0F8-56ACA568AADC}.Release|Any CPU.Build.0 = Release|Any CPU
		{F2130152-9F7D-DF41-2C0E-C618BF3AD641}.Debug|Any CPU.ActiveCfg = Debug|Any CPU
		{F2130152-9F7D-DF41-2C0E-C618BF3AD641}.Debug|Any CPU.Build.0 = Debug|Any CPU
		{F2130152-9F7D-DF41-2C0E-C618BF3AD641}.Release|Any CPU.ActiveCfg = Release|Any CPU
		{F2130152-9F7D-DF41-2C0E-C618BF3AD641}.Release|Any CPU.Build.0 = Release|Any CPU
		{985E975D-6E43-0995-3D4D-55FAC4B4C4FA}.Debug|Any CPU.ActiveCfg = Debug|Any CPU
		{985E975D-6E43-0995-3D4D-55FAC4B4C4FA}.Debug|Any CPU.Build.0 = Debug|Any CPU
		{985E975D-6E43-0995-3D4D-55FAC4B4C4FA}.Release|Any CPU.ActiveCfg = Release|Any CPU
		{985E975D-6E43-0995-3D4D-55FAC4B4C4FA}.Release|Any CPU.Build.0 = Release|Any CPU
		{873A4912-D1FC-27A7-5CB7-3E9E0ADC62BB}.Debug|Any CPU.ActiveCfg = Debug|Any CPU
		{873A4912-D1FC-27A7-5CB7-3E9E0ADC62BB}.Debug|Any CPU.Build.0 = Debug|Any CPU
		{873A4912-D1FC-27A7-5CB7-3E9E0ADC62BB}.Release|Any CPU.ActiveCfg = Release|Any CPU
		{873A4912-D1FC-27A7-5CB7-3E9E0ADC62BB}.Release|Any CPU.Build.0 = Release|Any CPU
		{90049D38-40EF-8BCD-E664-5C8042A4F5B4}.Debug|Any CPU.ActiveCfg = Debug|Any CPU
		{90049D38-40EF-8BCD-E664-5C8042A4F5B4}.Debug|Any CPU.Build.0 = Debug|Any CPU
		{90049D38-40EF-8BCD-E664-5C8042A4F5B4}.Release|Any CPU.ActiveCfg = Release|Any CPU
		{90049D38-40EF-8BCD-E664-5C8042A4F5B4}.Release|Any CPU.Build.0 = Release|Any CPU
		{75D621D5-0072-88CB-B2C6-630E92892705}.Debug|Any CPU.ActiveCfg = Debug|Any CPU
		{75D621D5-0072-88CB-B2C6-630E92892705}.Debug|Any CPU.Build.0 = Debug|Any CPU
		{75D621D5-0072-88CB-B2C6-630E92892705}.Release|Any CPU.ActiveCfg = Release|Any CPU
		{75D621D5-0072-88CB-B2C6-630E92892705}.Release|Any CPU.Build.0 = Release|Any CPU
		{31F8016B-AA4A-2BA2-CFF6-52BE6E1686D6}.Debug|Any CPU.ActiveCfg = Debug|Any CPU
		{31F8016B-AA4A-2BA2-CFF6-52BE6E1686D6}.Debug|Any CPU.Build.0 = Debug|Any CPU
		{31F8016B-AA4A-2BA2-CFF6-52BE6E1686D6}.Release|Any CPU.ActiveCfg = Release|Any CPU
		{31F8016B-AA4A-2BA2-CFF6-52BE6E1686D6}.Release|Any CPU.Build.0 = Release|Any CPU
		{613E33FC-A3F0-A95B-37E2-2F9FAAA7D4E9}.Debug|Any CPU.ActiveCfg = Debug|Any CPU
		{613E33FC-A3F0-A95B-37E2-2F9FAAA7D4E9}.Debug|Any CPU.Build.0 = Debug|Any CPU
		{613E33FC-A3F0-A95B-37E2-2F9FAAA7D4E9}.Release|Any CPU.ActiveCfg = Release|Any CPU
		{613E33FC-A3F0-A95B-37E2-2F9FAAA7D4E9}.Release|Any CPU.Build.0 = Release|Any CPU
	EndGlobalSection
	GlobalSection(SolutionProperties) = preSolution
		HideSolutionNode = FALSE
	EndGlobalSection
EndGlobal
